
Microsoft Visual Studio Solution File, Format Version 12.00
# Visual Studio 15
VisualStudioVersion = 15.0.28307.168
MinimumVisualStudioVersion = 10.0.40219.1
Project("{FAE04EC0-301F-11D3-BF4B-00C04F79EFBC}") = "QuizNumbersAndSum", "QuizNumbersAndSum.csproj", "{02FCEAB3-2C57-4B77-84A9-729FF4E6B978}"
EndProject
Global
	GlobalSection(SolutionConfigurationPlatforms) = preSolution
		Debug|Any CPU = Debug|Any CPU
		Release|Any CPU = Release|Any CPU
	EndGlobalSection
	GlobalSection(ProjectConfigurationPlatforms) = postSolution
		{02FCEAB3-2C57-4B77-84A9-729FF4E6B978}.Debug|Any CPU.ActiveCfg = Debug|Any CPU
		{02FCEAB3-2C57-4B77-84A9-729FF4E6B978}.Debug|Any CPU.Build.0 = Debug|Any CPU
		{02FCEAB3-2C57-4B77-84A9-729FF4E6B978}.Release|Any CPU.ActiveCfg = Release|Any CPU
		{02FCEAB3-2C57-4B77-84A9-729FF4E6B978}.Release|Any CPU.Build.0 = Release|Any CPU
	EndGlobalSection
	GlobalSection(SolutionProperties) = preSolution
		HideSolutionNode = FALSE
	EndGlobalSection
	GlobalSection(ExtensibilityGlobals) = postSolution
		SolutionGuid = {43EBAEDB-13E6-4838-A358-99F15378298E}
	EndGlobalSection
EndGlobal
