
Microsoft Visual Studio Solution File, Format Version 12.00
# Visual Studio 15
VisualStudioVersion = 15.0.28307.168
MinimumVisualStudioVersion = 10.0.40219.1
Project("{FAE04EC0-301F-11D3-BF4B-00C04F79EFBC}") = "AleksAlgorithm", "AleksAlgorithm\AleksAlgorithm.csproj", "{32BEE0D9-9517-44D3-9E1B-FCCB02D069BD}"
EndProject
Global
	GlobalSection(SolutionConfigurationPlatforms) = preSolution
		Debug|Any CPU = Debug|Any CPU
		Release|Any CPU = Release|Any CPU
	EndGlobalSection
	GlobalSection(ProjectConfigurationPlatforms) = postSolution
		{32BEE0D9-9517-44D3-9E1B-FCCB02D069BD}.Debug|Any CPU.ActiveCfg = Debug|Any CPU
		{32BEE0D9-9517-44D3-9E1B-FCCB02D069BD}.Debug|Any CPU.Build.0 = Debug|Any CPU
		{32BEE0D9-9517-44D3-9E1B-FCCB02D069BD}.Release|Any CPU.ActiveCfg = Release|Any CPU
		{32BEE0D9-9517-44D3-9E1B-FCCB02D069BD}.Release|Any CPU.Build.0 = Release|Any CPU
	EndGlobalSection
	GlobalSection(SolutionProperties) = preSolution
		HideSolutionNode = FALSE
	EndGlobalSection
	GlobalSection(ExtensibilityGlobals) = postSolution
		SolutionGuid = {8070A5AD-BD7F-4216-BC93-189CC2998C10}
	EndGlobalSection
EndGlobal
